
Microsoft Visual Studio Solution File, Format Version 12.00
# Visual Studio Version 17
VisualStudioVersion = 17.0.31903.59
MinimumVisualStudioVersion = 10.0.40219.1
Project("{FAE04EC0-301F-11D3-BF4B-00C04F79EFBC}") = "WindowsFormsApp1", "WindowsFormsApp1.csproj", "{F5843488-01FB-40EF-9041-35D8C20A7395}"
EndProject
Global
	GlobalSection(SolutionConfigurationPlatforms) = preSolution
		Debug|Any CPU = Debug|Any CPU
		Release|Any CPU = Release|Any CPU
	EndGlobalSection
	GlobalSection(ProjectConfigurationPlatforms) = postSolution
		{F5843488-01FB-40EF-9041-35D8C20A7395}.Debug|Any CPU.ActiveCfg = Debug|Any CPU
		{F5843488-01FB-40EF-9041-35D8C20A7395}.Debug|Any CPU.Build.0 = Debug|Any CPU
		{F5843488-01FB-40EF-9041-35D8C20A7395}.Release|Any CPU.ActiveCfg = Release|Any CPU
		{F5843488-01FB-40EF-9041-35D8C20A7395}.Release|Any CPU.Build.0 = Release|Any CPU
	EndGlobalSection
	GlobalSection(SolutionProperties) = preSolution
		HideSolutionNode = FALSE
	EndGlobalSection
	GlobalSection(ExtensibilityGlobals) = postSolution
		SolutionGuid = {658A2F6F-4A57-47D8-9743-1F89A32FA241}
	EndGlobalSection
EndGlobal
