
Microsoft Visual Studio Solution File, Format Version 12.00
# Visual Studio Version 17
VisualStudioVersion = 17.0.31912.275
MinimumVisualStudioVersion = 10.0.40219.1
Project("{FAE04EC0-301F-11D3-BF4B-00C04F79EFBC}") = "Lab-9-Task-2", "Lab-9-Task-2.csproj", "{C73A38AF-1307-4EBA-A674-C505A5FFF0E2}"
EndProject
Global
	GlobalSection(SolutionConfigurationPlatforms) = preSolution
		Debug|Any CPU = Debug|Any CPU
		Release|Any CPU = Release|Any CPU
	EndGlobalSection
	GlobalSection(ProjectConfigurationPlatforms) = postSolution
		{C73A38AF-1307-4EBA-A674-C505A5FFF0E2}.Debug|Any CPU.ActiveCfg = Debug|Any CPU
		{C73A38AF-1307-4EBA-A674-C505A5FFF0E2}.Debug|Any CPU.Build.0 = Debug|Any CPU
		{C73A38AF-1307-4EBA-A674-C505A5FFF0E2}.Release|Any CPU.ActiveCfg = Release|Any CPU
		{C73A38AF-1307-4EBA-A674-C505A5FFF0E2}.Release|Any CPU.Build.0 = Release|Any CPU
	EndGlobalSection
	GlobalSection(SolutionProperties) = preSolution
		HideSolutionNode = FALSE
	EndGlobalSection
	GlobalSection(ExtensibilityGlobals) = postSolution
		SolutionGuid = {1D019434-CB11-44CD-9194-D8666BB3B257}
	EndGlobalSection
EndGlobal
