
Microsoft Visual Studio Solution File, Format Version 12.00
# Visual Studio Version 17
VisualStudioVersion = 17.0.31912.275
MinimumVisualStudioVersion = 10.0.40219.1
Project("{FAE04EC0-301F-11D3-BF4B-00C04F79EFBC}") = "Lab-Final-RPS", "Lab-Final-RPS.csproj", "{CA08932E-DB52-494A-9F21-D926BDFFC518}"
EndProject
Global
	GlobalSection(SolutionConfigurationPlatforms) = preSolution
		Debug|Any CPU = Debug|Any CPU
		Release|Any CPU = Release|Any CPU
	EndGlobalSection
	GlobalSection(ProjectConfigurationPlatforms) = postSolution
		{CA08932E-DB52-494A-9F21-D926BDFFC518}.Debug|Any CPU.ActiveCfg = Debug|Any CPU
		{CA08932E-DB52-494A-9F21-D926BDFFC518}.Debug|Any CPU.Build.0 = Debug|Any CPU
		{CA08932E-DB52-494A-9F21-D926BDFFC518}.Release|Any CPU.ActiveCfg = Release|Any CPU
		{CA08932E-DB52-494A-9F21-D926BDFFC518}.Release|Any CPU.Build.0 = Release|Any CPU
	EndGlobalSection
	GlobalSection(SolutionProperties) = preSolution
		HideSolutionNode = FALSE
	EndGlobalSection
	GlobalSection(ExtensibilityGlobals) = postSolution
		SolutionGuid = {F896202D-0A22-4B65-8D9C-FA83DFD26726}
	EndGlobalSection
EndGlobal
